# This file is generated by running "yarn install" inside your project.
# Manual changes might be lost - proceed with caution!

__metadata:
  version: 4
  cacheKey: 4

"@fluentui/keyboard-key@npm:^0.2.1":
  version: 0.2.1
  resolution: "@fluentui/keyboard-key@npm:0.2.1"
  dependencies:
    tslib: ^1.10.0
  checksum: 5a1c1a428f6dc46f04444be141e3c912c1f649f00f5c295779dfd539d672d9e689d1afe1312015d62cda89d54c85f0553a62d4b71c71c408d97932a4ddfc1949
  languageName: node
  linkType: hard

"@fluentui/react-focus@npm:^7.12.7":
  version: 7.12.7
  resolution: "@fluentui/react-focus@npm:7.12.7"
  dependencies:
    "@fluentui/keyboard-key": ^0.2.1
    "@uifabric/merge-styles": ^7.14.1
    "@uifabric/set-version": ^7.0.13
    "@uifabric/styling": ^7.12.17
    "@uifabric/utilities": ^7.20.3
    tslib: ^1.10.0
  peerDependencies:
    "@types/react": ">=16.8.0 <17.0.0"
    "@types/react-dom": ">=16.8.0 <17.0.0"
    react: ">=16.8.0 <17.0.0"
    react-dom: ">=16.8.0 <17.0.0"
  checksum: 6ee4d5d0379c2b68328b8f3a404c96c429f4f2c9d8bf866ae33af83463ac0323b0d4bbb3f075c80251bcbfc4f2bfce8143c41d3c01414966e32a23622150ac19
  languageName: node
  linkType: hard

"@fluentui/react-icons@npm:^0.1.27":
  version: 0.1.27
  resolution: "@fluentui/react-icons@npm:0.1.27"
  dependencies:
    "@microsoft/load-themed-styles": ^1.10.26
    "@uifabric/set-version": ^7.0.13
    "@uifabric/utilities": ^7.20.3
    tslib: ^1.10.0
  peerDependencies:
    "@types/react-dom": ">=16.8.0 <17.0.0"
    react: ">=16.8.0 <17.0.0"
    react-dom: ">=16.8.0 <17.0.0"
  checksum: 85851e03a9b603013e46a9a9161ed22af3216a93c036c0a1aaa0007847341515421a4e5eb589adca57f00808853a98f9d6f15b1c91590a8c1adf6cdc0344f1de
  languageName: node
  linkType: hard

"@microsoft/load-themed-styles@npm:^1.10.26":
  version: 1.10.57
  resolution: "@microsoft/load-themed-styles@npm:1.10.57"
  checksum: b2af859c539b9fe9619b08a602e979b79f59296c7645fc9efc4ee7607c014632b07040fb7bb51fd8a9b3b318cea64e8eeb764dbd14adb3caadaa7ecd1a0d88f9
  languageName: node
  linkType: hard

"@uifabric/foundation@npm:^7.7.24":
  version: 7.7.24
  resolution: "@uifabric/foundation@npm:7.7.24"
  dependencies:
    "@uifabric/merge-styles": ^7.14.1
    "@uifabric/set-version": ^7.0.13
    "@uifabric/styling": ^7.12.17
    "@uifabric/utilities": ^7.20.3
    tslib: ^1.10.0
  peerDependencies:
    "@types/react": ">=16.8.0 <17.0.0"
    "@types/react-dom": ">=16.8.0 <17.0.0"
    react: ">=16.8.0 <17.0.0"
    react-dom: ">=16.8.0 <17.0.0"
  checksum: efb7292f76235b36f0c8ee83e7f643b5c2352de62647222b8eb72643eb060351a1f210f2986b60e0ae5b4d7faa479977b80deb4bba621e2139bf04d3ebebf2a9
  languageName: node
  linkType: hard

"@uifabric/icons@npm:^7.3.50":
  version: 7.3.50
  resolution: "@uifabric/icons@npm:7.3.50"
  dependencies:
    "@uifabric/set-version": ^7.0.13
    "@uifabric/styling": ^7.12.17
    tslib: ^1.10.0
  checksum: af908668f546648071d466702db54209bb6deaa5e772152e01b29921611eb499d437496a421597822f85b27ed8aa46c790f2ebf717af6e7c7d8cb5dd634cae5c
  languageName: node
  linkType: hard

"@uifabric/merge-styles@npm:^7.14.1":
  version: 7.14.1
  resolution: "@uifabric/merge-styles@npm:7.14.1"
  dependencies:
    "@uifabric/set-version": ^7.0.13
    tslib: ^1.10.0
  checksum: 642f496ccf0dad495cdee4d4176d7a0a8f57e3321f20fd9dd6b8e8143d1f29255184a8959856319e51362d5cf5bb0cdb88f158a0a73296fd8f2519bf087de4de
  languageName: node
  linkType: hard

"@uifabric/react-hooks@npm:^7.4.5":
  version: 7.4.5
  resolution: "@uifabric/react-hooks@npm:7.4.5"
  dependencies:
    "@uifabric/set-version": ^7.0.13
    "@uifabric/utilities": ^7.20.3
    tslib: ^1.10.0
  peerDependencies:
    "@types/react": ">=16.8.0 <17.0.0"
    "@types/react-dom": ">=16.8.0 <17.0.0"
    react: ">=16.8.0 <17.0.0"
    react-dom: ">=16.8.0 <17.0.0"
  checksum: 1a9a9b6600c5e240fb8f371f731e12fe3991d1e5e9343238366545b34691bfad41ee3fe6ba5b7d39248cfe12af6d46c242fa17571b5b0eda5f1581117f1f156d
  languageName: node
  linkType: hard

"@uifabric/set-version@npm:^7.0.13":
  version: 7.0.13
  resolution: "@uifabric/set-version@npm:7.0.13"
  dependencies:
    tslib: ^1.10.0
  checksum: 3f7c818636e49fd2f2dabc147f69030ab20050b0bf897dc70a65904a0f494b4d6875aa809d0488f8a32c39d43ca5c8e885bc71cd5ddb836823705bcb971f275a
  languageName: node
  linkType: hard

"@uifabric/styling@npm:^7.12.17":
  version: 7.12.17
  resolution: "@uifabric/styling@npm:7.12.17"
  dependencies:
    "@microsoft/load-themed-styles": ^1.10.26
    "@uifabric/merge-styles": ^7.14.1
    "@uifabric/set-version": ^7.0.13
    "@uifabric/utilities": ^7.20.3
    tslib: ^1.10.0
  checksum: 9e950942c57cbb61f8cd07e4d192e8f5b0cda4e228e101e8e5df5c59c71fb804e94be0ed6fdee55d49befb12b15942ae1b86cde205d88ae9a3eac7c4683e8167
  languageName: node
  linkType: hard

"@uifabric/utilities@npm:^7.20.3":
  version: 7.20.3
  resolution: "@uifabric/utilities@npm:7.20.3"
  dependencies:
    "@uifabric/merge-styles": ^7.14.1
    "@uifabric/set-version": ^7.0.13
    prop-types: ^15.7.2
    tslib: ^1.10.0
  peerDependencies:
    "@types/react": ">=16.8.0 <17.0.0"
    "@types/react-dom": ">=16.8.0 <17.0.0"
    react: ">=16.8.0 <17.0.0"
    react-dom: ">=16.8.0 <17.0.0"
  checksum: 77e75975d893a19c87eb24f10805c9892db062f4e4f1885b4d4848b31accbcf55070093a3ba7808c851b583474975e7700aa4f90c21a30a5ebf2466a9cf87333
  languageName: node
  linkType: hard

"js-tokens@npm:^3.0.0 || ^4.0.0":
  version: 4.0.0
  resolution: "js-tokens@npm:4.0.0"
  checksum: 1fc4e4667ac2d972aba65148b9cbf9c17566b2394d3504238d8492bbd3e68f496c657eab06b26b40b17db5cac0a34d153a12130e2d2d2bb6dc2cdc8a4764eb1b
  languageName: node
  linkType: hard

"level1@workspace:.":
  version: 0.0.0-use.local
  resolution: "level1@workspace:."
  dependencies:
    level2: "portal:../level2"
    office-ui-fabric-react: 7.120.0
    react: 16.8.6
    react-dom: 16.8.6
  languageName: unknown
  linkType: soft

"level2@portal:../level2::locator=level1%40workspace%3A.":
  version: 0.0.0-use.local
  resolution: "level2@portal:../level2::locator=level1%40workspace%3A."
  peerDependencies:
    office-ui-fabric-react: 7.115.0
    react: 16.8.6
    react-dom: 16.8.6
  languageName: node
  linkType: soft

"loose-envify@npm:^1.1.0, loose-envify@npm:^1.4.0":
  version: 1.4.0
  resolution: "loose-envify@npm:1.4.0"
  dependencies:
    js-tokens: ^3.0.0 || ^4.0.0
  bin:
    loose-envify: cli.js
  checksum: 5c3b47bbe5f597a3889fb001a3a98aaea2a3fafa48089c19034de1e0121bf57dbee609d184478514d74d5c5a7e9cfa3d846343455e5123b060040d46c39e91dc
  languageName: node
  linkType: hard

"object-assign@npm:^4.1.1":
  version: 4.1.1
  resolution: "object-assign@npm:4.1.1"
  checksum: 66cf021898fc1b13ea573ea8635fbd5a76533f50cecbc2fcd5eee1e8029af41bcebe7023788b6d0e06cbe4401ecea075d972f78ec74467cdc571a0f1a4d1a081
  languageName: node
  linkType: hard

"office-ui-fabric-react@npm:7.120.0":
  version: 7.120.0
  resolution: "office-ui-fabric-react@npm:7.120.0"
  dependencies:
    "@fluentui/react-focus": ^7.12.7
    "@fluentui/react-icons": ^0.1.27
    "@microsoft/load-themed-styles": ^1.10.26
    "@uifabric/foundation": ^7.7.24
    "@uifabric/icons": ^7.3.50
    "@uifabric/merge-styles": ^7.14.1
    "@uifabric/react-hooks": ^7.4.5
    "@uifabric/set-version": ^7.0.13
    "@uifabric/styling": ^7.12.17
    "@uifabric/utilities": ^7.20.3
    prop-types: ^15.7.2
    tslib: ^1.10.0
  peerDependencies:
    "@types/react": ">=16.8.0 <17.0.0"
    "@types/react-dom": ">=16.8.0 <17.0.0"
    react: ">=16.8.0 <17.0.0"
    react-dom: ">=16.8.0 <17.0.0"
  checksum: f5631a0d9e89002d2204b50dc7df0b058a55940e48adb23d3695cbb6eb37a38d52e6904a4e9bddf3e8e05f87fc4e116340d30182175d5ae90f85ade970d9d2e4
  languageName: node
  linkType: hard

"prop-types@npm:^15.6.2, prop-types@npm:^15.7.2":
  version: 15.7.2
  resolution: "prop-types@npm:15.7.2"
  dependencies:
    loose-envify: ^1.4.0
    object-assign: ^4.1.1
    react-is: ^16.8.1
  checksum: a440dd406c5cf53bf39f3e898d2c65178511d34ca3c8c789b30c177992408b9e4273969726b274719aa69ccce5ab34b2fd8caa60b90f23cd2e910cdcf682de52
  languageName: node
  linkType: hard

"react-dom@npm:16.8.6":
  version: 16.8.6
  resolution: "react-dom@npm:16.8.6"
  dependencies:
    loose-envify: ^1.1.0
    object-assign: ^4.1.1
    prop-types: ^15.6.2
    scheduler: ^0.13.6
  peerDependencies:
    react: ^16.0.0
  checksum: 7be1f054589533467b2e1f5894b4333513657ad9d550b01804deea0a0f59feeefd55d8ab0e01463f481551f070fa503c9b39af44ff6a94d546ede5f04a494c74
  languageName: node
  linkType: hard

"react-is@npm:^16.8.1":
  version: 16.13.1
  resolution: "react-is@npm:16.13.1"
  checksum: 11bcf1267a314a522615f626f3ce3727a3a24cdbf61c4d452add3550a7875326669631326cfb1ba3e92b6f72244c32ffecf93ad21c0cad8455d3e169d0e3f060
  languageName: node
  linkType: hard

"react@npm:16.8.6":
  version: 16.8.6
  resolution: "react@npm:16.8.6"
  dependencies:
    loose-envify: ^1.1.0
    object-assign: ^4.1.1
    prop-types: ^15.6.2
    scheduler: ^0.13.6
  checksum: 0a87dd21592db96467dd83e38cdc17797fbc469ad1d486b92bac1cc5f5043301a6eca0dc095da8e249248e7348b321bae3ece66b45d36160b98525eaf21647dd
  languageName: node
  linkType: hard

"scheduler@npm:^0.13.6":
  version: 0.13.6
  resolution: "scheduler@npm:0.13.6"
  dependencies:
    loose-envify: ^1.1.0
    object-assign: ^4.1.1
  checksum: 6778b87d7ff5820c8f5a1eff7f325c5ee45218e4be4bbaa937b3ec0c2d18e6799e1008e3ebc46591a84991f4313f43d5099a79b8a545a3a9261ca372ad645516
  languageName: node
  linkType: hard

"tslib@npm:^1.10.0":
  version: 1.13.0
  resolution: "tslib@npm:1.13.0"
  checksum: 5dc3bdaea3b67c76ef4a14c28fcb2171da7bcf292fd9c59a260098729626b1ce766c52b588f08e324ed9a0c52ea8a93a815920f980d75981abc9d850fbf310fb
  languageName: node
  linkType: hard
